
Microsoft Visual Studio Solution File, Format Version 12.00
# Visual Studio Version 17
VisualStudioVersion = 17.8.34511.84
MinimumVisualStudioVersion = 10.0.40219.1
Project("{9A19103F-16F7-4668-BE54-9A1E7A4F7556}") = "CleanArchMvc.Domain", "CleanArchMvc.Domain\CleanArchMvc.Domain.csproj", "{CC2FC590-025F-44B9-9D6B-F4538B005A3B}"
EndProject
Project("{9A19103F-16F7-4668-BE54-9A1E7A4F7556}") = "CleanArchMvc.Application", "CleanArchMvc.Application\CleanArchMvc.Application.csproj", "{F5FAB8E4-128D-49AC-BB73-3A91E62D5E37}"
EndProject
Project("{9A19103F-16F7-4668-BE54-9A1E7A4F7556}") = "CleanArchMvc.Infra.Data", "CleanArchMvc.Infra.Data\CleanArchMvc.Infra.Data.csproj", "{050C570D-E655-4A17-B588-B02568E1C5DC}"
EndProject
Project("{9A19103F-16F7-4668-BE54-9A1E7A4F7556}") = "CleanArchMvc.Infra.IoC", "CleanArchMvc.Infra.IoC\CleanArchMvc.Infra.IoC.csproj", "{F8A71AF7-0F4A-4A98-B408-3E0AC9648176}"
EndProject
Project("{9A19103F-16F7-4668-BE54-9A1E7A4F7556}") = "CleanArchMvc.WebUI", "CleanArchMvc.WebUI\CleanArchMvc.WebUI.csproj", "{2CEF4E53-322D-4020-BF7D-F50C0BE261EC}"
EndProject
Project("{FAE04EC0-301F-11D3-BF4B-00C04F79EFBC}") = "CleanArchMvc.Domain.Tests", "CleanArchMvc.Domain.Tests\CleanArchMvc.Domain.Tests.csproj", "{1A3DB28F-AEA3-4B9C-9B30-F7FE899928A5}"
EndProject
Global
	GlobalSection(SolutionConfigurationPlatforms) = preSolution
		Debug|Any CPU = Debug|Any CPU
		Release|Any CPU = Release|Any CPU
	EndGlobalSection
	GlobalSection(ProjectConfigurationPlatforms) = postSolution
		{CC2FC590-025F-44B9-9D6B-F4538B005A3B}.Debug|Any CPU.ActiveCfg = Debug|Any CPU
		{CC2FC590-025F-44B9-9D6B-F4538B005A3B}.Debug|Any CPU.Build.0 = Debug|Any CPU
		{CC2FC590-025F-44B9-9D6B-F4538B005A3B}.Release|Any CPU.ActiveCfg = Release|Any CPU
		{CC2FC590-025F-44B9-9D6B-F4538B005A3B}.Release|Any CPU.Build.0 = Release|Any CPU
		{F5FAB8E4-128D-49AC-BB73-3A91E62D5E37}.Debug|Any CPU.ActiveCfg = Debug|Any CPU
		{F5FAB8E4-128D-49AC-BB73-3A91E62D5E37}.Debug|Any CPU.Build.0 = Debug|Any CPU
		{F5FAB8E4-128D-49AC-BB73-3A91E62D5E37}.Release|Any CPU.ActiveCfg = Release|Any CPU
		{F5FAB8E4-128D-49AC-BB73-3A91E62D5E37}.Release|Any CPU.Build.0 = Release|Any CPU
		{050C570D-E655-4A17-B588-B02568E1C5DC}.Debug|Any CPU.ActiveCfg = Debug|Any CPU
		{050C570D-E655-4A17-B588-B02568E1C5DC}.Debug|Any CPU.Build.0 = Debug|Any CPU
		{050C570D-E655-4A17-B588-B02568E1C5DC}.Release|Any CPU.ActiveCfg = Release|Any CPU
		{050C570D-E655-4A17-B588-B02568E1C5DC}.Release|Any CPU.Build.0 = Release|Any CPU
		{F8A71AF7-0F4A-4A98-B408-3E0AC9648176}.Debug|Any CPU.ActiveCfg = Debug|Any CPU
		{F8A71AF7-0F4A-4A98-B408-3E0AC9648176}.Debug|Any CPU.Build.0 = Debug|Any CPU
		{F8A71AF7-0F4A-4A98-B408-3E0AC9648176}.Release|Any CPU.ActiveCfg = Release|Any CPU
		{F8A71AF7-0F4A-4A98-B408-3E0AC9648176}.Release|Any CPU.Build.0 = Release|Any CPU
		{2CEF4E53-322D-4020-BF7D-F50C0BE261EC}.Debug|Any CPU.ActiveCfg = Debug|Any CPU
		{2CEF4E53-322D-4020-BF7D-F50C0BE261EC}.Debug|Any CPU.Build.0 = Debug|Any CPU
		{2CEF4E53-322D-4020-BF7D-F50C0BE261EC}.Release|Any CPU.ActiveCfg = Release|Any CPU
		{2CEF4E53-322D-4020-BF7D-F50C0BE261EC}.Release|Any CPU.Build.0 = Release|Any CPU
		{1A3DB28F-AEA3-4B9C-9B30-F7FE899928A5}.Debug|Any CPU.ActiveCfg = Debug|Any CPU
		{1A3DB28F-AEA3-4B9C-9B30-F7FE899928A5}.Debug|Any CPU.Build.0 = Debug|Any CPU
		{1A3DB28F-AEA3-4B9C-9B30-F7FE899928A5}.Release|Any CPU.ActiveCfg = Release|Any CPU
		{1A3DB28F-AEA3-4B9C-9B30-F7FE899928A5}.Release|Any CPU.Build.0 = Release|Any CPU
	EndGlobalSection
	GlobalSection(SolutionProperties) = preSolution
		HideSolutionNode = FALSE
	EndGlobalSection
	GlobalSection(ExtensibilityGlobals) = postSolution
		SolutionGuid = {F4B77B0D-8861-4B72-98FB-D4D058D51414}
	EndGlobalSection
EndGlobal
